
Microsoft Visual Studio Solution File, Format Version 11.00
# Visual Studio 2010
Project("{FAE04EC0-301F-11D3-BF4B-00C04F79EFBC}") = "UnityEngine.TestRunner", "UnityEngine.TestRunner.csproj", "{fee545c2-d098-61a9-2718-67c91c966954}"
EndProject
Project("{FAE04EC0-301F-11D3-BF4B-00C04F79EFBC}") = "UnityEngine.UI", "UnityEngine.UI.csproj", "{ba01f9a7-ce8e-2cc3-daf9-0b4517499c17}"
EndProject
Project("{FAE04EC0-301F-11D3-BF4B-00C04F79EFBC}") = "Unity.VisualScripting.Flow", "Unity.VisualScripting.Flow.csproj", "{5fce7067-61b7-1b91-7899-3a9122ec1ed5}"
EndProject
Project("{FAE04EC0-301F-11D3-BF4B-00C04F79EFBC}") = "Unity.Services.Core.Telemetry", "Unity.Services.Core.Telemetry.csproj", "{6226f0e2-052d-01ea-f6e7-f8cdd452cb54}"
EndProject
Project("{FAE04EC0-301F-11D3-BF4B-00C04F79EFBC}") = "Unity.VisualScripting.State", "Unity.VisualScripting.State.csproj", "{32bb60d2-6806-ff5c-6b21-5ea80b62a197}"
EndProject
Project("{FAE04EC0-301F-11D3-BF4B-00C04F79EFBC}") = "Unity.VisualScripting.Core", "Unity.VisualScripting.Core.csproj", "{2827604d-9e37-260b-4a78-09f439e8cf70}"
EndProject
Project("{FAE04EC0-301F-11D3-BF4B-00C04F79EFBC}") = "Unity.Postprocessing.Runtime", "Unity.Postprocessing.Runtime.csproj", "{1c1a42da-3f7c-e2cd-c042-dff2561363be}"
EndProject
Project("{FAE04EC0-301F-11D3-BF4B-00C04F79EFBC}") = "Unity.Services.Core.Environments.Internal", "Unity.Services.Core.Environments.Internal.csproj", "{02f073be-fb86-0937-7525-5154d86f4b75}"
EndProject
Project("{FAE04EC0-301F-11D3-BF4B-00C04F79EFBC}") = "Unity.TextMeshPro", "Unity.TextMeshPro.csproj", "{2f88633e-320c-92f4-a093-601bf2e19882}"
EndProject
Project("{FAE04EC0-301F-11D3-BF4B-00C04F79EFBC}") = "Unity.Timeline", "Unity.Timeline.csproj", "{82c35ed1-1bd6-1fea-1589-a3defc2191d6}"
EndProject
Project("{FAE04EC0-301F-11D3-BF4B-00C04F79EFBC}") = "Unity.Services.Core", "Unity.Services.Core.csproj", "{57927825-556f-dfb2-8778-b91138f70dca}"
EndProject
Project("{FAE04EC0-301F-11D3-BF4B-00C04F79EFBC}") = "Unity.Services.Core.Environments", "Unity.Services.Core.Environments.csproj", "{c9c2eec9-5f05-ccdb-14ea-3a52b8e13779}"
EndProject
Project("{FAE04EC0-301F-11D3-BF4B-00C04F79EFBC}") = "Unity.Services.Core.Internal", "Unity.Services.Core.Internal.csproj", "{21c4265c-922e-4ded-7cf6-361939cde5e3}"
EndProject
Project("{FAE04EC0-301F-11D3-BF4B-00C04F79EFBC}") = "Unity.Services.Core.Analytics", "Unity.Services.Core.Analytics.csproj", "{0a62088d-989c-c096-31d8-c6c654196035}"
EndProject
Project("{FAE04EC0-301F-11D3-BF4B-00C04F79EFBC}") = "Unity.Services.Core.Scheduler", "Unity.Services.Core.Scheduler.csproj", "{a0046bff-1a9f-cf2f-675f-631a2e60d68f}"
EndProject
Project("{FAE04EC0-301F-11D3-BF4B-00C04F79EFBC}") = "Unity.Services.Core.Registration", "Unity.Services.Core.Registration.csproj", "{de1b9a25-be27-589d-0b29-0b9cf1072b0d}"
EndProject
Project("{FAE04EC0-301F-11D3-BF4B-00C04F79EFBC}") = "Unity.Services.Core.Device", "Unity.Services.Core.Device.csproj", "{db289102-b115-ba74-b8f7-32be09414a12}"
EndProject
Project("{FAE04EC0-301F-11D3-BF4B-00C04F79EFBC}") = "Unity.Services.Core.Threading", "Unity.Services.Core.Threading.csproj", "{1865867e-0680-962f-1c19-56a38e1af5ac}"
EndProject
Project("{FAE04EC0-301F-11D3-BF4B-00C04F79EFBC}") = "Unity.Services.Core.Networking", "Unity.Services.Core.Networking.csproj", "{77979415-9f22-6dcb-8b57-fdff260f3c0f}"
EndProject
Project("{FAE04EC0-301F-11D3-BF4B-00C04F79EFBC}") = "Assembly-CSharp", "Assembly-CSharp.csproj", "{533167b9-4aee-62d7-4db3-f5be6a9674c0}"
EndProject
Project("{FAE04EC0-301F-11D3-BF4B-00C04F79EFBC}") = "Unity.Services.Core.Configuration", "Unity.Services.Core.Configuration.csproj", "{4d0c8176-41dd-ff67-dba7-8216651f146a}"
EndProject
Project("{FAE04EC0-301F-11D3-BF4B-00C04F79EFBC}") = "Unity.PlasticSCM.Editor", "Unity.PlasticSCM.Editor.csproj", "{89c88c56-0834-d888-3df9-d07f53928c55}"
EndProject
Project("{FAE04EC0-301F-11D3-BF4B-00C04F79EFBC}") = "Unity.VisualScripting.Core.Editor", "Unity.VisualScripting.Core.Editor.csproj", "{66790048-7d86-61cc-8eaf-95373b561d7b}"
EndProject
Project("{FAE04EC0-301F-11D3-BF4B-00C04F79EFBC}") = "Unity.VisualScripting.Flow.Editor", "Unity.VisualScripting.Flow.Editor.csproj", "{5582edd3-df70-5ad1-0899-da5571cbeb10}"
EndProject
Project("{FAE04EC0-301F-11D3-BF4B-00C04F79EFBC}") = "Unity.VisualStudio.Editor", "Unity.VisualStudio.Editor.csproj", "{5b3b4b02-e012-4647-b667-db6e14e6ef11}"
EndProject
Project("{FAE04EC0-301F-11D3-BF4B-00C04F79EFBC}") = "Unity.Timeline.Editor", "Unity.Timeline.Editor.csproj", "{8b592715-9f34-832f-23f1-334e524de448}"
EndProject
Project("{FAE04EC0-301F-11D3-BF4B-00C04F79EFBC}") = "Unity.VisualScripting.State.Editor", "Unity.VisualScripting.State.Editor.csproj", "{7010a4b9-f645-3924-13f7-0da0980a3157}"
EndProject
Project("{FAE04EC0-301F-11D3-BF4B-00C04F79EFBC}") = "Unity.TextMeshPro.Editor", "Unity.TextMeshPro.Editor.csproj", "{20603fa8-1a68-455a-1d53-453c43945f05}"
EndProject
Project("{FAE04EC0-301F-11D3-BF4B-00C04F79EFBC}") = "Unity.VisualScripting.SettingsProvider.Editor", "Unity.VisualScripting.SettingsProvider.Editor.csproj", "{d96409d7-959b-22a3-7745-de19be003ab9}"
EndProject
Project("{FAE04EC0-301F-11D3-BF4B-00C04F79EFBC}") = "Unity.CollabProxy.Editor", "Unity.CollabProxy.Editor.csproj", "{0f5d3fdb-6347-b242-3d3d-a8318dcdf8c9}"
EndProject
Project("{FAE04EC0-301F-11D3-BF4B-00C04F79EFBC}") = "Unity.Postprocessing.Editor", "Unity.Postprocessing.Editor.csproj", "{cec4a567-0102-7c69-db42-98e49a5c08ef}"
EndProject
Project("{FAE04EC0-301F-11D3-BF4B-00C04F79EFBC}") = "UnityEditor.TestRunner", "UnityEditor.TestRunner.csproj", "{4af00595-2f4e-17ef-8c9c-1fe2c642a9f8}"
EndProject
Project("{FAE04EC0-301F-11D3-BF4B-00C04F79EFBC}") = "Unity.Services.Core.Editor", "Unity.Services.Core.Editor.csproj", "{49c255cf-86df-8427-ef5e-a584d07f3fc0}"
EndProject
Project("{FAE04EC0-301F-11D3-BF4B-00C04F79EFBC}") = "Unity.Rider.Editor", "Unity.Rider.Editor.csproj", "{02eeaeb7-ff27-5db4-5577-f82d293d7552}"
EndProject
Project("{FAE04EC0-301F-11D3-BF4B-00C04F79EFBC}") = "Unity.VSCode.Editor", "Unity.VSCode.Editor.csproj", "{2b0c6a39-bfd6-2568-01ac-df8d51ddca5b}"
EndProject
Project("{FAE04EC0-301F-11D3-BF4B-00C04F79EFBC}") = "UnityEditor.UI", "UnityEditor.UI.csproj", "{cd4a3b5e-5266-4d4a-5070-c46df21730ab}"
EndProject
Project("{FAE04EC0-301F-11D3-BF4B-00C04F79EFBC}") = "Unity.Services.Core.Configuration.Editor", "Unity.Services.Core.Configuration.Editor.csproj", "{df5e7101-631f-7d42-21dd-f146bda6286a}"
EndProject
Project("{FAE04EC0-301F-11D3-BF4B-00C04F79EFBC}") = "Unity.VisualScripting.Shared.Editor", "Unity.VisualScripting.Shared.Editor.csproj", "{f2bd4a46-838b-0598-a37d-af5858517786}"
EndProject
Global
	GlobalSection(SolutionConfigurationPlatforms) = preSolution
		Debug|Any CPU = Debug|Any CPU
	EndGlobalSection
	GlobalSection(ProjectConfigurationPlatforms) = postSolution
		{fee545c2-d098-61a9-2718-67c91c966954}.Debug|Any CPU.ActiveCfg = Debug|Any CPU
		{fee545c2-d098-61a9-2718-67c91c966954}.Debug|Any CPU.Build.0 = Debug|Any CPU
		{ba01f9a7-ce8e-2cc3-daf9-0b4517499c17}.Debug|Any CPU.ActiveCfg = Debug|Any CPU
		{ba01f9a7-ce8e-2cc3-daf9-0b4517499c17}.Debug|Any CPU.Build.0 = Debug|Any CPU
		{5fce7067-61b7-1b91-7899-3a9122ec1ed5}.Debug|Any CPU.ActiveCfg = Debug|Any CPU
		{5fce7067-61b7-1b91-7899-3a9122ec1ed5}.Debug|Any CPU.Build.0 = Debug|Any CPU
		{6226f0e2-052d-01ea-f6e7-f8cdd452cb54}.Debug|Any CPU.ActiveCfg = Debug|Any CPU
		{6226f0e2-052d-01ea-f6e7-f8cdd452cb54}.Debug|Any CPU.Build.0 = Debug|Any CPU
		{32bb60d2-6806-ff5c-6b21-5ea80b62a197}.Debug|Any CPU.ActiveCfg = Debug|Any CPU
		{32bb60d2-6806-ff5c-6b21-5ea80b62a197}.Debug|Any CPU.Build.0 = Debug|Any CPU
		{2827604d-9e37-260b-4a78-09f439e8cf70}.Debug|Any CPU.ActiveCfg = Debug|Any CPU
		{2827604d-9e37-260b-4a78-09f439e8cf70}.Debug|Any CPU.Build.0 = Debug|Any CPU
		{1c1a42da-3f7c-e2cd-c042-dff2561363be}.Debug|Any CPU.ActiveCfg = Debug|Any CPU
		{1c1a42da-3f7c-e2cd-c042-dff2561363be}.Debug|Any CPU.Build.0 = Debug|Any CPU
		{02f073be-fb86-0937-7525-5154d86f4b75}.Debug|Any CPU.ActiveCfg = Debug|Any CPU
		{02f073be-fb86-0937-7525-5154d86f4b75}.Debug|Any CPU.Build.0 = Debug|Any CPU
		{2f88633e-320c-92f4-a093-601bf2e19882}.Debug|Any CPU.ActiveCfg = Debug|Any CPU
		{2f88633e-320c-92f4-a093-601bf2e19882}.Debug|Any CPU.Build.0 = Debug|Any CPU
		{82c35ed1-1bd6-1fea-1589-a3defc2191d6}.Debug|Any CPU.ActiveCfg = Debug|Any CPU
		{82c35ed1-1bd6-1fea-1589-a3defc2191d6}.Debug|Any CPU.Build.0 = Debug|Any CPU
		{57927825-556f-dfb2-8778-b91138f70dca}.Debug|Any CPU.ActiveCfg = Debug|Any CPU
		{57927825-556f-dfb2-8778-b91138f70dca}.Debug|Any CPU.Build.0 = Debug|Any CPU
		{c9c2eec9-5f05-ccdb-14ea-3a52b8e13779}.Debug|Any CPU.ActiveCfg = Debug|Any CPU
		{c9c2eec9-5f05-ccdb-14ea-3a52b8e13779}.Debug|Any CPU.Build.0 = Debug|Any CPU
		{21c4265c-922e-4ded-7cf6-361939cde5e3}.Debug|Any CPU.ActiveCfg = Debug|Any CPU
		{21c4265c-922e-4ded-7cf6-361939cde5e3}.Debug|Any CPU.Build.0 = Debug|Any CPU
		{0a62088d-989c-c096-31d8-c6c654196035}.Debug|Any CPU.ActiveCfg = Debug|Any CPU
		{0a62088d-989c-c096-31d8-c6c654196035}.Debug|Any CPU.Build.0 = Debug|Any CPU
		{a0046bff-1a9f-cf2f-675f-631a2e60d68f}.Debug|Any CPU.ActiveCfg = Debug|Any CPU
		{a0046bff-1a9f-cf2f-675f-631a2e60d68f}.Debug|Any CPU.Build.0 = Debug|Any CPU
		{de1b9a25-be27-589d-0b29-0b9cf1072b0d}.Debug|Any CPU.ActiveCfg = Debug|Any CPU
		{de1b9a25-be27-589d-0b29-0b9cf1072b0d}.Debug|Any CPU.Build.0 = Debug|Any CPU
		{db289102-b115-ba74-b8f7-32be09414a12}.Debug|Any CPU.ActiveCfg = Debug|Any CPU
		{db289102-b115-ba74-b8f7-32be09414a12}.Debug|Any CPU.Build.0 = Debug|Any CPU
		{1865867e-0680-962f-1c19-56a38e1af5ac}.Debug|Any CPU.ActiveCfg = Debug|Any CPU
		{1865867e-0680-962f-1c19-56a38e1af5ac}.Debug|Any CPU.Build.0 = Debug|Any CPU
		{77979415-9f22-6dcb-8b57-fdff260f3c0f}.Debug|Any CPU.ActiveCfg = Debug|Any CPU
		{77979415-9f22-6dcb-8b57-fdff260f3c0f}.Debug|Any CPU.Build.0 = Debug|Any CPU
		{533167b9-4aee-62d7-4db3-f5be6a9674c0}.Debug|Any CPU.ActiveCfg = Debug|Any CPU
		{533167b9-4aee-62d7-4db3-f5be6a9674c0}.Debug|Any CPU.Build.0 = Debug|Any CPU
		{4d0c8176-41dd-ff67-dba7-8216651f146a}.Debug|Any CPU.ActiveCfg = Debug|Any CPU
		{4d0c8176-41dd-ff67-dba7-8216651f146a}.Debug|Any CPU.Build.0 = Debug|Any CPU
		{89c88c56-0834-d888-3df9-d07f53928c55}.Debug|Any CPU.ActiveCfg = Debug|Any CPU
		{89c88c56-0834-d888-3df9-d07f53928c55}.Debug|Any CPU.Build.0 = Debug|Any CPU
		{66790048-7d86-61cc-8eaf-95373b561d7b}.Debug|Any CPU.ActiveCfg = Debug|Any CPU
		{66790048-7d86-61cc-8eaf-95373b561d7b}.Debug|Any CPU.Build.0 = Debug|Any CPU
		{5582edd3-df70-5ad1-0899-da5571cbeb10}.Debug|Any CPU.ActiveCfg = Debug|Any CPU
		{5582edd3-df70-5ad1-0899-da5571cbeb10}.Debug|Any CPU.Build.0 = Debug|Any CPU
		{5b3b4b02-e012-4647-b667-db6e14e6ef11}.Debug|Any CPU.ActiveCfg = Debug|Any CPU
		{5b3b4b02-e012-4647-b667-db6e14e6ef11}.Debug|Any CPU.Build.0 = Debug|Any CPU
		{8b592715-9f34-832f-23f1-334e524de448}.Debug|Any CPU.ActiveCfg = Debug|Any CPU
		{8b592715-9f34-832f-23f1-334e524de448}.Debug|Any CPU.Build.0 = Debug|Any CPU
		{7010a4b9-f645-3924-13f7-0da0980a3157}.Debug|Any CPU.ActiveCfg = Debug|Any CPU
		{7010a4b9-f645-3924-13f7-0da0980a3157}.Debug|Any CPU.Build.0 = Debug|Any CPU
		{20603fa8-1a68-455a-1d53-453c43945f05}.Debug|Any CPU.ActiveCfg = Debug|Any CPU
		{20603fa8-1a68-455a-1d53-453c43945f05}.Debug|Any CPU.Build.0 = Debug|Any CPU
		{d96409d7-959b-22a3-7745-de19be003ab9}.Debug|Any CPU.ActiveCfg = Debug|Any CPU
		{d96409d7-959b-22a3-7745-de19be003ab9}.Debug|Any CPU.Build.0 = Debug|Any CPU
		{0f5d3fdb-6347-b242-3d3d-a8318dcdf8c9}.Debug|Any CPU.ActiveCfg = Debug|Any CPU
		{0f5d3fdb-6347-b242-3d3d-a8318dcdf8c9}.Debug|Any CPU.Build.0 = Debug|Any CPU
		{cec4a567-0102-7c69-db42-98e49a5c08ef}.Debug|Any CPU.ActiveCfg = Debug|Any CPU
		{cec4a567-0102-7c69-db42-98e49a5c08ef}.Debug|Any CPU.Build.0 = Debug|Any CPU
		{4af00595-2f4e-17ef-8c9c-1fe2c642a9f8}.Debug|Any CPU.ActiveCfg = Debug|Any CPU
		{4af00595-2f4e-17ef-8c9c-1fe2c642a9f8}.Debug|Any CPU.Build.0 = Debug|Any CPU
		{49c255cf-86df-8427-ef5e-a584d07f3fc0}.Debug|Any CPU.ActiveCfg = Debug|Any CPU
		{49c255cf-86df-8427-ef5e-a584d07f3fc0}.Debug|Any CPU.Build.0 = Debug|Any CPU
		{02eeaeb7-ff27-5db4-5577-f82d293d7552}.Debug|Any CPU.ActiveCfg = Debug|Any CPU
		{02eeaeb7-ff27-5db4-5577-f82d293d7552}.Debug|Any CPU.Build.0 = Debug|Any CPU
		{2b0c6a39-bfd6-2568-01ac-df8d51ddca5b}.Debug|Any CPU.ActiveCfg = Debug|Any CPU
		{2b0c6a39-bfd6-2568-01ac-df8d51ddca5b}.Debug|Any CPU.Build.0 = Debug|Any CPU
		{cd4a3b5e-5266-4d4a-5070-c46df21730ab}.Debug|Any CPU.ActiveCfg = Debug|Any CPU
		{cd4a3b5e-5266-4d4a-5070-c46df21730ab}.Debug|Any CPU.Build.0 = Debug|Any CPU
		{df5e7101-631f-7d42-21dd-f146bda6286a}.Debug|Any CPU.ActiveCfg = Debug|Any CPU
		{df5e7101-631f-7d42-21dd-f146bda6286a}.Debug|Any CPU.Build.0 = Debug|Any CPU
		{f2bd4a46-838b-0598-a37d-af5858517786}.Debug|Any CPU.ActiveCfg = Debug|Any CPU
		{f2bd4a46-838b-0598-a37d-af5858517786}.Debug|Any CPU.Build.0 = Debug|Any CPU
	EndGlobalSection
	GlobalSection(SolutionProperties) = preSolution
		HideSolutionNode = FALSE
	EndGlobalSection
EndGlobal
